PODS:
  - DeviceDNA (0.1.6)
  - JudoKitObjC (8.0.0):
    - DeviceDNA
    - TrustKit
  - TrustKit (1.6.2)

DEPENDENCIES:
  - JudoKitObjC

SPEC REPOS:
  https://github.com/cocoapods/specs.git:
    - DeviceDNA
    - JudoKitObjC
    - TrustKit

SPEC CHECKSUMS:
  DeviceDNA: 06c4c1af198fc8b44711d10bed39e0a8638b490d
  JudoKitObjC: 4c621d2cabb8bb71003523b5df1de4db208bb578
  TrustKit: 0a64b37d31518f16e344ceaf27e129dde624ce75

PODFILE CHECKSUM: 252d29c0f478f75ee4dd34aaeed808f18dba1f11

COCOAPODS: 1.7.4
