PODS:
  - DeviceDNA (0.1.6)
  - JudoKitObjC (7.1.0):
    - DeviceDNA
    - TrustKit
  - TrustKit (1.6.1)

DEPENDENCIES:
  - JudoKitObjC (~> 7.1)

SPEC REPOS:
  https://github.com/cocoapods/specs.git:
    - DeviceDNA
    - JudoKitObjC
    - TrustKit

SPEC CHECKSUMS:
  DeviceDNA: 06c4c1af198fc8b44711d10bed39e0a8638b490d
  JudoKitObjC: 27e6128f4888fd348d0f0edb29975603f446700c
  TrustKit: 0660dd1ce827ae7c8f553f35502a8542e248188f

PODFILE CHECKSUM: d3185af6e179f3676f957d930c75eea9b81272dd

COCOAPODS: 1.6.1
